
Microsoft Visual Studio Solution File, Format Version 12.00
# Visual Studio 15
VisualStudioVersion = 15.0.28010.2036
MinimumVisualStudioVersion = 10.0.40219.1
Project("{FAE04EC0-301F-11D3-BF4B-00C04F79EFBC}") = "WindowsFormsApp7", "WindowsFormsApp7\WindowsFormsApp7.csproj", "{237ADA4B-B261-494B-829A-7627363C7936}"
EndProject
Global
	GlobalSection(SolutionConfigurationPlatforms) = preSolution
		Debug|Any CPU = Debug|Any CPU
		Release|Any CPU = Release|Any CPU
	EndGlobalSection
	GlobalSection(ProjectConfigurationPlatforms) = postSolution
		{237ADA4B-B261-494B-829A-7627363C7936}.Debug|Any CPU.ActiveCfg = Debug|Any CPU
		{237ADA4B-B261-494B-829A-7627363C7936}.Debug|Any CPU.Build.0 = Debug|Any CPU
		{237ADA4B-B261-494B-829A-7627363C7936}.Release|Any CPU.ActiveCfg = Release|Any CPU
		{237ADA4B-B261-494B-829A-7627363C7936}.Release|Any CPU.Build.0 = Release|Any CPU
	EndGlobalSection
	GlobalSection(SolutionProperties) = preSolution
		HideSolutionNode = FALSE
	EndGlobalSection
	GlobalSection(ExtensibilityGlobals) = postSolution
		SolutionGuid = {28F86670-45E0-49FA-947E-88E8AB3B960A}
	EndGlobalSection
EndGlobal
